
Microsoft Visual Studio Solution File, Format Version 12.00
Project("{2150E333-8FDC-42A3-9474-1A3956D46DE8}") = "src", "src", "{A35F0929-C595-4B9C-9301-CC1C22F159D2}"
EndProject
Project("{2150E333-8FDC-42A3-9474-1A3956D46DE8}") = "Core", "Core", "{0D34548B-A20D-4C51-BB72-C678E277A187}"
EndProject
Project("{2150E333-8FDC-42A3-9474-1A3956D46DE8}") = "API", "API", "{E37FD89E-EE37-4C11-BEEB-8E22A9AE428F}"
EndProject
Project("{2150E333-8FDC-42A3-9474-1A3956D46DE8}") = "Infrastructure", "Infrastructure", "{EBF9F643-2F4F-4321-B0B7-E17D6B298B24}"
EndProject
Project("{2150E333-8FDC-42A3-9474-1A3956D46DE8}") = "UI", "UI", "{18DFF18D-36F8-4DE1-B137-DA1BC53F7900}"
EndProject
Project("{2150E333-8FDC-42A3-9474-1A3956D46DE8}") = "test", "test", "{8F30EC09-8C01-4067-8323-A66E7160298B}"
EndProject
Project("{FAE04EC0-301F-11D3-BF4B-00C04F79EFBC}") = "Greenmaster.Application", "Greenmaster.Application\Greenmaster.Application.csproj", "{8C407A31-B861-4A4B-A16F-64128A275980}"
EndProject
Project("{FAE04EC0-301F-11D3-BF4B-00C04F79EFBC}") = "Greenmaster.Domain", "Greenmaster.Domain\Greenmaster.Domain.csproj", "{3BCC2070-CE49-47D4-A114-8755F2688A27}"
EndProject
Project("{FAE04EC0-301F-11D3-BF4B-00C04F79EFBC}") = "Greenmaster.Persistence", "Greenmaster.Persistence\Greenmaster.Persistence.csproj", "{080ED77B-DD4B-4880-BC71-6A3851444880}"
EndProject
Global
	GlobalSection(SolutionConfigurationPlatforms) = preSolution
		Debug|Any CPU = Debug|Any CPU
		Release|Any CPU = Release|Any CPU
	EndGlobalSection
	GlobalSection(NestedProjects) = preSolution
		{0D34548B-A20D-4C51-BB72-C678E277A187} = {A35F0929-C595-4B9C-9301-CC1C22F159D2}
		{E37FD89E-EE37-4C11-BEEB-8E22A9AE428F} = {A35F0929-C595-4B9C-9301-CC1C22F159D2}
		{EBF9F643-2F4F-4321-B0B7-E17D6B298B24} = {A35F0929-C595-4B9C-9301-CC1C22F159D2}
		{18DFF18D-36F8-4DE1-B137-DA1BC53F7900} = {A35F0929-C595-4B9C-9301-CC1C22F159D2}
		{8C407A31-B861-4A4B-A16F-64128A275980} = {0D34548B-A20D-4C51-BB72-C678E277A187}
		{3BCC2070-CE49-47D4-A114-8755F2688A27} = {0D34548B-A20D-4C51-BB72-C678E277A187}
		{080ED77B-DD4B-4880-BC71-6A3851444880} = {EBF9F643-2F4F-4321-B0B7-E17D6B298B24}
	EndGlobalSection
	GlobalSection(ProjectConfigurationPlatforms) = postSolution
		{8C407A31-B861-4A4B-A16F-64128A275980}.Debug|Any CPU.ActiveCfg = Debug|Any CPU
		{8C407A31-B861-4A4B-A16F-64128A275980}.Debug|Any CPU.Build.0 = Debug|Any CPU
		{8C407A31-B861-4A4B-A16F-64128A275980}.Release|Any CPU.ActiveCfg = Release|Any CPU
		{8C407A31-B861-4A4B-A16F-64128A275980}.Release|Any CPU.Build.0 = Release|Any CPU
		{3BCC2070-CE49-47D4-A114-8755F2688A27}.Debug|Any CPU.ActiveCfg = Debug|Any CPU
		{3BCC2070-CE49-47D4-A114-8755F2688A27}.Debug|Any CPU.Build.0 = Debug|Any CPU
		{3BCC2070-CE49-47D4-A114-8755F2688A27}.Release|Any CPU.ActiveCfg = Release|Any CPU
		{3BCC2070-CE49-47D4-A114-8755F2688A27}.Release|Any CPU.Build.0 = Release|Any CPU
		{080ED77B-DD4B-4880-BC71-6A3851444880}.Debug|Any CPU.ActiveCfg = Debug|Any CPU
		{080ED77B-DD4B-4880-BC71-6A3851444880}.Debug|Any CPU.Build.0 = Debug|Any CPU
		{080ED77B-DD4B-4880-BC71-6A3851444880}.Release|Any CPU.ActiveCfg = Release|Any CPU
		{080ED77B-DD4B-4880-BC71-6A3851444880}.Release|Any CPU.Build.0 = Release|Any CPU
	EndGlobalSection
EndGlobal
